
Microsoft Visual Studio Solution File, Format Version 10.00
# Visual C++ Express 2008
Project("{8BC9CEB8-8B4A-11D0-8D11-00A0C91BC942}") = "Gender", "Gender\Gender.vcproj", "{B86B9ABD-0E1D-4574-AFEB-B9340693EEC8}"
EndProject
Global
	GlobalSection(SolutionConfigurationPlatforms) = preSolution
		Debug|Win32 = Debug|Win32
		Release|Win32 = Release|Win32
	EndGlobalSection
	GlobalSection(ProjectConfigurationPlatforms) = postSolution
		{B86B9ABD-0E1D-4574-AFEB-B9340693EEC8}.Debug|Win32.ActiveCfg = Debug|Win32
		{B86B9ABD-0E1D-4574-AFEB-B9340693EEC8}.Debug|Win32.Build.0 = Debug|Win32
		{B86B9ABD-0E1D-4574-AFEB-B9340693EEC8}.Release|Win32.ActiveCfg = Release|Win32
		{B86B9ABD-0E1D-4574-AFEB-B9340693EEC8}.Release|Win32.Build.0 = Release|Win32
	EndGlobalSection
	GlobalSection(SolutionProperties) = preSolution
		HideSolutionNode = FALSE
	EndGlobalSection
EndGlobal
