
Microsoft Visual Studio Solution File, Format Version 10.00
# Visual C++ Express 2008
Project("{8BC9CEB8-8B4A-11D0-8D11-00A0C91BC942}") = "character sequence", "character sequence\character sequence.vcproj", "{9F6B3E26-7BBD-4939-81A9-96A2260DC0CD}"
EndProject
Global
	GlobalSection(SolutionConfigurationPlatforms) = preSolution
		Debug|Win32 = Debug|Win32
		Release|Win32 = Release|Win32
	EndGlobalSection
	GlobalSection(ProjectConfigurationPlatforms) = postSolution
		{9F6B3E26-7BBD-4939-81A9-96A2260DC0CD}.Debug|Win32.ActiveCfg = Debug|Win32
		{9F6B3E26-7BBD-4939-81A9-96A2260DC0CD}.Debug|Win32.Build.0 = Debug|Win32
		{9F6B3E26-7BBD-4939-81A9-96A2260DC0CD}.Release|Win32.ActiveCfg = Release|Win32
		{9F6B3E26-7BBD-4939-81A9-96A2260DC0CD}.Release|Win32.Build.0 = Release|Win32
	EndGlobalSection
	GlobalSection(SolutionProperties) = preSolution
		HideSolutionNode = FALSE
	EndGlobalSection
EndGlobal
