
Microsoft Visual Studio Solution File, Format Version 10.00
# Visual C++ Express 2008
Project("{8BC9CEB8-8B4A-11D0-8D11-00A0C91BC942}") = "sdl_ttf", "sdl_ttf\sdl_ttf.vcproj", "{39244F46-261B-4B22-9BCF-F8F8E3A7E163}"
EndProject
Global
	GlobalSection(SolutionConfigurationPlatforms) = preSolution
		Debug|Win32 = Debug|Win32
		Release|Win32 = Release|Win32
	EndGlobalSection
	GlobalSection(ProjectConfigurationPlatforms) = postSolution
		{39244F46-261B-4B22-9BCF-F8F8E3A7E163}.Debug|Win32.ActiveCfg = Debug|Win32
		{39244F46-261B-4B22-9BCF-F8F8E3A7E163}.Debug|Win32.Build.0 = Debug|Win32
		{39244F46-261B-4B22-9BCF-F8F8E3A7E163}.Release|Win32.ActiveCfg = Release|Win32
		{39244F46-261B-4B22-9BCF-F8F8E3A7E163}.Release|Win32.Build.0 = Release|Win32
	EndGlobalSection
	GlobalSection(SolutionProperties) = preSolution
		HideSolutionNode = FALSE
	EndGlobalSection
EndGlobal
