
Microsoft Visual Studio Solution File, Format Version 10.00
# Visual C++ Express 2008
Project("{8BC9CEB8-8B4A-11D0-8D11-00A0C91BC942}") = "Deck Test", "Deck Test\Deck Test.vcproj", "{A05A632E-80A3-4EFB-A664-4EB66B0733C8}"
EndProject
Global
	GlobalSection(SolutionConfigurationPlatforms) = preSolution
		Debug|Win32 = Debug|Win32
		Release|Win32 = Release|Win32
	EndGlobalSection
	GlobalSection(ProjectConfigurationPlatforms) = postSolution
		{A05A632E-80A3-4EFB-A664-4EB66B0733C8}.Debug|Win32.ActiveCfg = Debug|Win32
		{A05A632E-80A3-4EFB-A664-4EB66B0733C8}.Debug|Win32.Build.0 = Debug|Win32
		{A05A632E-80A3-4EFB-A664-4EB66B0733C8}.Release|Win32.ActiveCfg = Release|Win32
		{A05A632E-80A3-4EFB-A664-4EB66B0733C8}.Release|Win32.Build.0 = Release|Win32
	EndGlobalSection
	GlobalSection(SolutionProperties) = preSolution
		HideSolutionNode = FALSE
	EndGlobalSection
EndGlobal
