
Microsoft Visual Studio Solution File, Format Version 10.00
# Visual C++ Express 2008
Project("{8BC9CEB8-8B4A-11D0-8D11-00A0C91BC942}") = "Sudoku A3", "Sudoku A3\Sudoku A3.vcproj", "{4950233C-1387-41E3-9F76-42DEFE413A78}"
EndProject
Global
	GlobalSection(SolutionConfigurationPlatforms) = preSolution
		Debug|Win32 = Debug|Win32
		Release|Win32 = Release|Win32
	EndGlobalSection
	GlobalSection(ProjectConfigurationPlatforms) = postSolution
		{4950233C-1387-41E3-9F76-42DEFE413A78}.Debug|Win32.ActiveCfg = Debug|Win32
		{4950233C-1387-41E3-9F76-42DEFE413A78}.Debug|Win32.Build.0 = Debug|Win32
		{4950233C-1387-41E3-9F76-42DEFE413A78}.Release|Win32.ActiveCfg = Release|Win32
		{4950233C-1387-41E3-9F76-42DEFE413A78}.Release|Win32.Build.0 = Release|Win32
	EndGlobalSection
	GlobalSection(SolutionProperties) = preSolution
		HideSolutionNode = FALSE
	EndGlobalSection
EndGlobal
