
Microsoft Visual Studio Solution File, Format Version 10.00
# Visual C++ Express 2008
Project("{8BC9CEB8-8B4A-11D0-8D11-00A0C91BC942}") = "Sudoku A7 Forms", "Sudoku A7 Forms\Sudoku A7 Forms.vcproj", "{F6303ED7-E3BB-43E1-9F0D-C081FDFEDF36}"
EndProject
Global
	GlobalSection(SolutionConfigurationPlatforms) = preSolution
		Debug|Win32 = Debug|Win32
		Release|Win32 = Release|Win32
	EndGlobalSection
	GlobalSection(ProjectConfigurationPlatforms) = postSolution
		{F6303ED7-E3BB-43E1-9F0D-C081FDFEDF36}.Debug|Win32.ActiveCfg = Debug|Win32
		{F6303ED7-E3BB-43E1-9F0D-C081FDFEDF36}.Debug|Win32.Build.0 = Debug|Win32
		{F6303ED7-E3BB-43E1-9F0D-C081FDFEDF36}.Release|Win32.ActiveCfg = Release|Win32
		{F6303ED7-E3BB-43E1-9F0D-C081FDFEDF36}.Release|Win32.Build.0 = Release|Win32
	EndGlobalSection
	GlobalSection(SolutionProperties) = preSolution
		HideSolutionNode = FALSE
	EndGlobalSection
EndGlobal
