
Microsoft Visual Studio Solution File, Format Version 10.00
# Visual C++ Express 2008
Project("{8BC9CEB8-8B4A-11D0-8D11-00A0C91BC942}") = "Linked Lists", "Linked Lists\Linked Lists.vcproj", "{87B3ADCB-00F8-43D4-95A8-93ABDB0DCDDB}"
EndProject
Global
	GlobalSection(SolutionConfigurationPlatforms) = preSolution
		Debug|Win32 = Debug|Win32
		Release|Win32 = Release|Win32
	EndGlobalSection
	GlobalSection(ProjectConfigurationPlatforms) = postSolution
		{87B3ADCB-00F8-43D4-95A8-93ABDB0DCDDB}.Debug|Win32.ActiveCfg = Debug|Win32
		{87B3ADCB-00F8-43D4-95A8-93ABDB0DCDDB}.Debug|Win32.Build.0 = Debug|Win32
		{87B3ADCB-00F8-43D4-95A8-93ABDB0DCDDB}.Release|Win32.ActiveCfg = Release|Win32
		{87B3ADCB-00F8-43D4-95A8-93ABDB0DCDDB}.Release|Win32.Build.0 = Release|Win32
	EndGlobalSection
	GlobalSection(SolutionProperties) = preSolution
		HideSolutionNode = FALSE
	EndGlobalSection
EndGlobal
