
Microsoft Visual Studio Solution File, Format Version 10.00
# Visual C++ Express 2008
Project("{8BC9CEB8-8B4A-11D0-8D11-00A0C91BC942}") = "rand", "rand\rand.vcproj", "{E5014C7E-86C7-48BA-87DD-4EC212CF1679}"
EndProject
Global
	GlobalSection(SolutionConfigurationPlatforms) = preSolution
		Debug|Win32 = Debug|Win32
		Release|Win32 = Release|Win32
	EndGlobalSection
	GlobalSection(ProjectConfigurationPlatforms) = postSolution
		{E5014C7E-86C7-48BA-87DD-4EC212CF1679}.Debug|Win32.ActiveCfg = Debug|Win32
		{E5014C7E-86C7-48BA-87DD-4EC212CF1679}.Debug|Win32.Build.0 = Debug|Win32
		{E5014C7E-86C7-48BA-87DD-4EC212CF1679}.Release|Win32.ActiveCfg = Release|Win32
		{E5014C7E-86C7-48BA-87DD-4EC212CF1679}.Release|Win32.Build.0 = Release|Win32
	EndGlobalSection
	GlobalSection(SolutionProperties) = preSolution
		HideSolutionNode = FALSE
	EndGlobalSection
EndGlobal
