
Microsoft Visual Studio Solution File, Format Version 10.00
# Visual C++ Express 2008
Project("{8BC9CEB8-8B4A-11D0-8D11-00A0C91BC942}") = "Basic Server", "Basic Server\Basic Server.vcproj", "{22C2862B-1382-4A97-A72A-E2D11D3FD357}"
EndProject
Global
	GlobalSection(SolutionConfigurationPlatforms) = preSolution
		Debug|Win32 = Debug|Win32
		Release|Win32 = Release|Win32
	EndGlobalSection
	GlobalSection(ProjectConfigurationPlatforms) = postSolution
		{22C2862B-1382-4A97-A72A-E2D11D3FD357}.Debug|Win32.ActiveCfg = Debug|Win32
		{22C2862B-1382-4A97-A72A-E2D11D3FD357}.Debug|Win32.Build.0 = Debug|Win32
		{22C2862B-1382-4A97-A72A-E2D11D3FD357}.Release|Win32.ActiveCfg = Release|Win32
		{22C2862B-1382-4A97-A72A-E2D11D3FD357}.Release|Win32.Build.0 = Release|Win32
	EndGlobalSection
	GlobalSection(SolutionProperties) = preSolution
		HideSolutionNode = FALSE
	EndGlobalSection
EndGlobal
