
Microsoft Visual Studio Solution File, Format Version 11.00
# Visual C# Express 2010
Project("{FAE04EC0-301F-11D3-BF4B-00C04F79EFBC}") = "TestGame", "TestGame\TestGame\TestGame.csproj", "{D6022CA7-9DCF-47A0-AB4F-639F9E84B334}"
EndProject
Project("{FAE04EC0-301F-11D3-BF4B-00C04F79EFBC}") = "TestGameContent", "TestGame\TestGameContent\TestGameContent.contentproj", "{3BA86587-842D-4E2E-87C2-927071CF3DE8}"
EndProject
Project("{FAE04EC0-301F-11D3-BF4B-00C04F79EFBC}") = "Xbox 360 Copy of TestGame", "TestGame\TestGame\Xbox 360 Copy of TestGame.csproj", "{17BDCF42-FC89-424B-989F-C987575F0E93}"
EndProject
Global
	GlobalSection(SolutionConfigurationPlatforms) = preSolution
		Debug|Mixed Platforms = Debug|Mixed Platforms
		Debug|x86 = Debug|x86
		Debug|Xbox 360 = Debug|Xbox 360
		Release|Mixed Platforms = Release|Mixed Platforms
		Release|x86 = Release|x86
		Release|Xbox 360 = Release|Xbox 360
	EndGlobalSection
	GlobalSection(ProjectConfigurationPlatforms) = postSolution
		{D6022CA7-9DCF-47A0-AB4F-639F9E84B334}.Debug|Mixed Platforms.ActiveCfg = Debug|x86
		{D6022CA7-9DCF-47A0-AB4F-639F9E84B334}.Debug|Mixed Platforms.Build.0 = Debug|x86
		{D6022CA7-9DCF-47A0-AB4F-639F9E84B334}.Debug|x86.ActiveCfg = Debug|x86
		{D6022CA7-9DCF-47A0-AB4F-639F9E84B334}.Debug|x86.Build.0 = Debug|x86
		{D6022CA7-9DCF-47A0-AB4F-639F9E84B334}.Debug|Xbox 360.ActiveCfg = Debug|x86
		{D6022CA7-9DCF-47A0-AB4F-639F9E84B334}.Debug|Xbox 360.Build.0 = Debug|x86
		{D6022CA7-9DCF-47A0-AB4F-639F9E84B334}.Release|Mixed Platforms.ActiveCfg = Release|x86
		{D6022CA7-9DCF-47A0-AB4F-639F9E84B334}.Release|Mixed Platforms.Build.0 = Release|x86
		{D6022CA7-9DCF-47A0-AB4F-639F9E84B334}.Release|x86.ActiveCfg = Release|x86
		{D6022CA7-9DCF-47A0-AB4F-639F9E84B334}.Release|x86.Build.0 = Release|x86
		{D6022CA7-9DCF-47A0-AB4F-639F9E84B334}.Release|Xbox 360.ActiveCfg = Release|x86
		{D6022CA7-9DCF-47A0-AB4F-639F9E84B334}.Release|Xbox 360.Build.0 = Release|x86
		{3BA86587-842D-4E2E-87C2-927071CF3DE8}.Debug|Mixed Platforms.ActiveCfg = Debug|x86
		{3BA86587-842D-4E2E-87C2-927071CF3DE8}.Debug|x86.ActiveCfg = Debug|x86
		{3BA86587-842D-4E2E-87C2-927071CF3DE8}.Debug|Xbox 360.ActiveCfg = Debug|x86
		{3BA86587-842D-4E2E-87C2-927071CF3DE8}.Release|Mixed Platforms.ActiveCfg = Release|x86
		{3BA86587-842D-4E2E-87C2-927071CF3DE8}.Release|x86.ActiveCfg = Release|x86
		{3BA86587-842D-4E2E-87C2-927071CF3DE8}.Release|Xbox 360.ActiveCfg = Release|x86
		{17BDCF42-FC89-424B-989F-C987575F0E93}.Debug|Mixed Platforms.ActiveCfg = Debug|Xbox 360
		{17BDCF42-FC89-424B-989F-C987575F0E93}.Debug|Mixed Platforms.Build.0 = Debug|Xbox 360
		{17BDCF42-FC89-424B-989F-C987575F0E93}.Debug|Mixed Platforms.Deploy.0 = Debug|Xbox 360
		{17BDCF42-FC89-424B-989F-C987575F0E93}.Debug|x86.ActiveCfg = Debug|Xbox 360
		{17BDCF42-FC89-424B-989F-C987575F0E93}.Debug|Xbox 360.ActiveCfg = Debug|Xbox 360
		{17BDCF42-FC89-424B-989F-C987575F0E93}.Debug|Xbox 360.Build.0 = Debug|Xbox 360
		{17BDCF42-FC89-424B-989F-C987575F0E93}.Debug|Xbox 360.Deploy.0 = Debug|Xbox 360
		{17BDCF42-FC89-424B-989F-C987575F0E93}.Release|Mixed Platforms.ActiveCfg = Release|Xbox 360
		{17BDCF42-FC89-424B-989F-C987575F0E93}.Release|Mixed Platforms.Build.0 = Release|Xbox 360
		{17BDCF42-FC89-424B-989F-C987575F0E93}.Release|Mixed Platforms.Deploy.0 = Release|Xbox 360
		{17BDCF42-FC89-424B-989F-C987575F0E93}.Release|x86.ActiveCfg = Release|Xbox 360
		{17BDCF42-FC89-424B-989F-C987575F0E93}.Release|Xbox 360.ActiveCfg = Release|Xbox 360
		{17BDCF42-FC89-424B-989F-C987575F0E93}.Release|Xbox 360.Build.0 = Release|Xbox 360
		{17BDCF42-FC89-424B-989F-C987575F0E93}.Release|Xbox 360.Deploy.0 = Release|Xbox 360
	EndGlobalSection
	GlobalSection(SolutionProperties) = preSolution
		HideSolutionNode = FALSE
	EndGlobalSection
EndGlobal
