
Microsoft Visual Studio Solution File, Format Version 10.00
# Visual C++ Express 2008
Project("{8BC9CEB8-8B4A-11D0-8D11-00A0C91BC942}") = "fish", "fish\fish.vcproj", "{B7D0F7FF-15BA-4E72-BA08-BC5F7DFCC18E}"
EndProject
Global
	GlobalSection(SolutionConfigurationPlatforms) = preSolution
		Debug|Win32 = Debug|Win32
		Release|Win32 = Release|Win32
	EndGlobalSection
	GlobalSection(ProjectConfigurationPlatforms) = postSolution
		{B7D0F7FF-15BA-4E72-BA08-BC5F7DFCC18E}.Debug|Win32.ActiveCfg = Debug|Win32
		{B7D0F7FF-15BA-4E72-BA08-BC5F7DFCC18E}.Debug|Win32.Build.0 = Debug|Win32
		{B7D0F7FF-15BA-4E72-BA08-BC5F7DFCC18E}.Release|Win32.ActiveCfg = Release|Win32
		{B7D0F7FF-15BA-4E72-BA08-BC5F7DFCC18E}.Release|Win32.Build.0 = Release|Win32
	EndGlobalSection
	GlobalSection(SolutionProperties) = preSolution
		HideSolutionNode = FALSE
	EndGlobalSection
EndGlobal
