
Microsoft Visual Studio Solution File, Format Version 10.00
# Visual C++ Express 2008
Project("{8BC9CEB8-8B4A-11D0-8D11-00A0C91BC942}") = "ExcplicitConversion", "ExcplicitConversion\ExcplicitConversion.vcproj", "{ECB5E85C-1854-4A6D-BC84-EC6AEC7F96A4}"
EndProject
Global
	GlobalSection(SolutionConfigurationPlatforms) = preSolution
		Debug|Win32 = Debug|Win32
		Release|Win32 = Release|Win32
	EndGlobalSection
	GlobalSection(ProjectConfigurationPlatforms) = postSolution
		{ECB5E85C-1854-4A6D-BC84-EC6AEC7F96A4}.Debug|Win32.ActiveCfg = Debug|Win32
		{ECB5E85C-1854-4A6D-BC84-EC6AEC7F96A4}.Debug|Win32.Build.0 = Debug|Win32
		{ECB5E85C-1854-4A6D-BC84-EC6AEC7F96A4}.Release|Win32.ActiveCfg = Release|Win32
		{ECB5E85C-1854-4A6D-BC84-EC6AEC7F96A4}.Release|Win32.Build.0 = Release|Win32
	EndGlobalSection
	GlobalSection(SolutionProperties) = preSolution
		HideSolutionNode = FALSE
	EndGlobalSection
EndGlobal
