
Microsoft Visual Studio Solution File, Format Version 10.00
# Visual C++ Express 2008
Project("{8BC9CEB8-8B4A-11D0-8D11-00A0C91BC942}") = "Date", "Date\Date.vcproj", "{75358462-9104-44CB-B7D4-29099F6CE812}"
EndProject
Global
	GlobalSection(SolutionConfigurationPlatforms) = preSolution
		Debug|Win32 = Debug|Win32
		Release|Win32 = Release|Win32
	EndGlobalSection
	GlobalSection(ProjectConfigurationPlatforms) = postSolution
		{75358462-9104-44CB-B7D4-29099F6CE812}.Debug|Win32.ActiveCfg = Debug|Win32
		{75358462-9104-44CB-B7D4-29099F6CE812}.Debug|Win32.Build.0 = Debug|Win32
		{75358462-9104-44CB-B7D4-29099F6CE812}.Release|Win32.ActiveCfg = Release|Win32
		{75358462-9104-44CB-B7D4-29099F6CE812}.Release|Win32.Build.0 = Release|Win32
	EndGlobalSection
	GlobalSection(SolutionProperties) = preSolution
		HideSolutionNode = FALSE
	EndGlobalSection
EndGlobal
